// !$*UTF8*$!
{
	archiveVersion = 1;
	classes = {
	};
	objectVersion = 47;
	objects = {

/* Begin PBXBuildFile section */
		365A025A1D25954F00E80429 /* AppDelegate.m in Sources */ = {isa = PBXBuildFile; fileRef = 365A02561D25954F00E80429 /* AppDelegate.m */; };
		365A025B1D25954F00E80429 /* doit.cpp in Sources */ = {isa = PBXBuildFile; fileRef = 365A02571D25954F00E80429 /* doit.cpp */; };
		365A025C1D25954F00E80429 /* main.m in Sources */ = {isa = PBXBuildFile; fileRef = 365A02581D25954F00E80429 /* main.m */; };
		365A025D1D25954F00E80429 /* ViewController.m in Sources */ = {isa = PBXBuildFile; fileRef = 365A02591D25954F00E80429 /* ViewController.m */; };
		365A02621D25962800E80429 /* Main.storyboard in Resources */ = {isa = PBXBuildFile; fileRef = 365A02601D25962800E80429 /* Main.storyboard */; };
		365A02701D25AF0600E80429 /* timer.cpp in Sources */ = {isa = PBXBuildFile; fileRef = 365A026F1D25AF0600E80429 /* timer.cpp */; };
		367A4F641D24655A006581CC /* GLKit.framework in Frameworks */ = {isa = PBXBuildFile; fileRef = 367A4F631D24655A006581CC /* GLKit.framework */; };
		367A4F661D246563006581CC /* OpenGLES.framework in Frameworks */ = {isa = PBXBuildFile; fileRef = 367A4F651D246563006581CC /* OpenGLES.framework */; };
		367A4F6A1D257C1F006581CC /* image.png in Resources */ = {isa = PBXBuildFile; fileRef = 367A4F691D257C1F006581CC /* image.png */; };
		B8B8D26C1CA9C39E00B46533 /* libc++.tbd in Frameworks */ = {isa = PBXBuildFile; fileRef = B8B8D2691CA9C39E00B46533 /* libc++.tbd */; };
/* End PBXBuildFile section */

/* Begin PBXContainerItemProxy section */
		365A02671D25970100E80429 /* PBXContainerItemProxy */ = {
			isa = PBXContainerItemProxy;
			containerPortal = B8CE6E1B1CA9A9C6006D8D23 /* Project object */;
			proxyType = 1;
			remoteGlobalIDString = 365A02631D2596CF00E80429;
			remoteInfo = "sample-filter-ios-cpu";
		};
		365A026D1D25A92000E80429 /* PBXContainerItemProxy */ = {
			isa = PBXContainerItemProxy;
			containerPortal = B8CE6E1B1CA9A9C6006D8D23 /* Project object */;
			proxyType = 1;
			remoteGlobalIDString = 365A02691D25A8FF00E80429;
			remoteInfo = sample_filter_opengl.o;
		};
/* End PBXContainerItemProxy section */

/* Begin PBXFileReference section */
		365A02561D25954F00E80429 /* AppDelegate.m */ = {isa = PBXFileReference; lastKnownFileType = sourcecode.c.objc; path = AppDelegate.m; sourceTree = "<group>"; };
		365A02571D25954F00E80429 /* doit.cpp */ = {isa = PBXFileReference; lastKnownFileType = sourcecode.cpp.cpp; path = doit.cpp; sourceTree = "<group>"; };
		365A02581D25954F00E80429 /* main.m */ = {isa = PBXFileReference; lastKnownFileType = sourcecode.c.objc; path = main.m; sourceTree = "<group>"; };
		365A02591D25954F00E80429 /* ViewController.m */ = {isa = PBXFileReference; lastKnownFileType = sourcecode.c.objc; path = ViewController.m; sourceTree = "<group>"; };
		365A025E1D25956D00E80429 /* Info.plist */ = {isa = PBXFileReference; fileEncoding = 4; lastKnownFileType = text.plist.xml; path = Info.plist; sourceTree = "<group>"; };
		365A02611D25962800E80429 /* Base */ = {isa = PBXFileReference; lastKnownFileType = file.storyboard; name = Base; path = Base.lproj/Main.storyboard; sourceTree = "<group>"; };
		365A026F1D25AF0600E80429 /* timer.cpp */ = {isa = PBXFileReference; lastKnownFileType = sourcecode.cpp.cpp; path = timer.cpp; sourceTree = "<group>"; };
		367A4F631D24655A006581CC /* GLKit.framework */ = {isa = PBXFileReference; lastKnownFileType = wrapper.framework; name = GLKit.framework; path = System/Library/Frameworks/GLKit.framework; sourceTree = SDKROOT; };
		367A4F651D246563006581CC /* OpenGLES.framework */ = {isa = PBXFileReference; lastKnownFileType = wrapper.framework; name = OpenGLES.framework; path = System/Library/Frameworks/OpenGLES.framework; sourceTree = SDKROOT; };
		367A4F691D257C1F006581CC /* image.png */ = {isa = PBXFileReference; lastKnownFileType = image.png; path = image.png; sourceTree = "<group>"; };
		B8B8D2691CA9C39E00B46533 /* libc++.tbd */ = {isa = PBXFileReference; lastKnownFileType = "sourcecode.text-based-dylib-definition"; name = "libc++.tbd"; path = "usr/lib/libc++.tbd"; sourceTree = SDKROOT; };
		B8CE6E231CA9A9C6006D8D23 /* opengl_demo.app */ = {isa = PBXFileReference; explicitFileType = wrapper.application; includeInIndex = 0; path = opengl_demo.app; sourceTree = BUILT_PRODUCTS_DIR; };
/* End PBXFileReference section */

/* Begin PBXFrameworksBuildPhase section */
		B8CE6E201CA9A9C6006D8D23 /* Frameworks */ = {
			isa = PBXFrameworksBuildPhase;
			buildActionMask = 2147483647;
			files = (
				367A4F661D246563006581CC /* OpenGLES.framework in Frameworks */,
				367A4F641D24655A006581CC /* GLKit.framework in Frameworks */,
				B8B8D26C1CA9C39E00B46533 /* libc++.tbd in Frameworks */,
			);
			runOnlyForDeploymentPostprocessing = 0;
		};
/* End PBXFrameworksBuildPhase section */

/* Begin PBXGroup section */
		91A4212EEBA394A696B3907D /* Frameworks */ = {
			isa = PBXGroup;
			children = (
				367A4F651D246563006581CC /* OpenGLES.framework */,
				367A4F631D24655A006581CC /* GLKit.framework */,
				B8B8D2691CA9C39E00B46533 /* libc++.tbd */,
			);
			name = Frameworks;
			sourceTree = "<group>";
		};
		B8CE6E1A1CA9A9C6006D8D23 = {
			isa = PBXGroup;
			children = (
				365A026F1D25AF0600E80429 /* timer.cpp */,
				365A02601D25962800E80429 /* Main.storyboard */,
				365A025E1D25956D00E80429 /* Info.plist */,
				365A02561D25954F00E80429 /* AppDelegate.m */,
				365A02571D25954F00E80429 /* doit.cpp */,
				365A02581D25954F00E80429 /* main.m */,
				365A02591D25954F00E80429 /* ViewController.m */,
				367A4F691D257C1F006581CC /* image.png */,
				B8CE6E241CA9A9C6006D8D23 /* Products */,
				91A4212EEBA394A696B3907D /* Frameworks */,
			);
			sourceTree = "<group>";
		};
		B8CE6E241CA9A9C6006D8D23 /* Products */ = {
			isa = PBXGroup;
			children = (
				B8CE6E231CA9A9C6006D8D23 /* opengl_demo.app */,
			);
			name = Products;
			sourceTree = "<group>";
		};
/* End PBXGroup section */

/* Begin PBXLegacyTarget section */
		365A02631D2596CF00E80429 /* sample_filter_cpu.o */ = {
			isa = PBXLegacyTarget;
			buildArgumentsString = "--always-make $(CONFIGURATION_BUILD_DIR)/build/$(PRODUCT_NAME) BUILD_DIR=$(CONFIGURATION_BUILD_DIR)/build TARGET_HOST=arm-64-ios-armv7s";
			buildConfigurationList = 365A02641D2596CF00E80429 /* Build configuration list for PBXLegacyTarget "sample_filter_cpu.o" */;
			buildPhases = (
			);
			buildToolPath = /usr/bin/make;
			buildWorkingDirectory = "$(PROJECT_DIR)";
			dependencies = (
			);
			name = sample_filter_cpu.o;
			passBuildSettingsInEnvironment = 0;
			productName = "sample-filter-ios-cpu";
		};
		365A02691D25A8FF00E80429 /* sample_filter_opengl.o */ = {
			isa = PBXLegacyTarget;
			buildArgumentsString = "--always-make $(CONFIGURATION_BUILD_DIR)/build/$(PRODUCT_NAME) BUILD_DIR=$(CONFIGURATION_BUILD_DIR)/build TARGET_HOST=arm-64-ios-armv7s";
			buildConfigurationList = 365A026A1D25A8FF00E80429 /* Build configuration list for PBXLegacyTarget "sample_filter_opengl.o" */;
			buildPhases = (
			);
			buildToolPath = /usr/bin/make;
			buildWorkingDirectory = "$(PROJECT_DIR)";
			dependencies = (
			);
			name = sample_filter_opengl.o;
			passBuildSettingsInEnvironment = 0;
			productName = "sample-filter-ios-cpu";
		};
/* End PBXLegacyTarget section */

/* Begin PBXNativeTarget section */
		B8CE6E221CA9A9C6006D8D23 /* opengl_demo */ = {
			isa = PBXNativeTarget;
			buildConfigurationList = B8CE6E3A1CA9A9C7006D8D23 /* Build configuration list for PBXNativeTarget "opengl_demo" */;
			buildPhases = (
				B8CE6E1F1CA9A9C6006D8D23 /* Sources */,
				B8CE6E201CA9A9C6006D8D23 /* Frameworks */,
				B8CE6E211CA9A9C6006D8D23 /* Resources */,
			);
			buildRules = (
			);
			dependencies = (
				365A02681D25970100E80429 /* PBXTargetDependency */,
				365A026E1D25A92000E80429 /* PBXTargetDependency */,
			);
			name = opengl_demo;
			productName = opengl_demo;
			productReference = B8CE6E231CA9A9C6006D8D23 /* opengl_demo.app */;
			productType = "com.apple.product-type.application";
		};
/* End PBXNativeTarget section */

/* Begin PBXProject section */
		B8CE6E1B1CA9A9C6006D8D23 /* Project object */ = {
			isa = PBXProject;
			attributes = {
				LastUpgradeCheck = 0730;
				ORGANIZATIONNAME = "Adobe Labs";
				TargetAttributes = {
					365A02631D2596CF00E80429 = {
						CreatedOnToolsVersion = 7.3.1;
						DevelopmentTeam = M5MDYTPX4P;
					};
					B8CE6E221CA9A9C6006D8D23 = {
						CreatedOnToolsVersion = 7.3;
						DevelopmentTeam = M5MDYTPX4P;
					};
				};
			};
			buildConfigurationList = B8CE6E1E1CA9A9C6006D8D23 /* Build configuration list for PBXProject "opengl_demo" */;
			compatibilityVersion = "Xcode 6.3";
			developmentRegion = English;
			hasScannedForEncodings = 0;
			knownRegions = (
				en,
				Base,
			);
			mainGroup = B8CE6E1A1CA9A9C6006D8D23;
			productRefGroup = B8CE6E241CA9A9C6006D8D23 /* Products */;
			projectDirPath = "";
			projectRoot = "";
			targets = (
				B8CE6E221CA9A9C6006D8D23 /* opengl_demo */,
				365A02631D2596CF00E80429 /* sample_filter_cpu.o */,
				365A02691D25A8FF00E80429 /* sample_filter_opengl.o */,
			);
		};
/* End PBXProject section */

/* Begin PBXResourcesBuildPhase section */
		B8CE6E211CA9A9C6006D8D23 /* Resources */ = {
			isa = PBXResourcesBuildPhase;
			buildActionMask = 2147483647;
			files = (
				365A02621D25962800E80429 /* Main.storyboard in Resources */,
				367A4F6A1D257C1F006581CC /* image.png in Resources */,
			);
			runOnlyForDeploymentPostprocessing = 0;
		};
/* End PBXResourcesBuildPhase section */

/* Begin PBXSourcesBuildPhase section */
		B8CE6E1F1CA9A9C6006D8D23 /* Sources */ = {
			isa = PBXSourcesBuildPhase;
			buildActionMask = 2147483647;
			files = (
				365A02701D25AF0600E80429 /* timer.cpp in Sources */,
				365A025A1D25954F00E80429 /* AppDelegate.m in Sources */,
				365A025B1D25954F00E80429 /* doit.cpp in Sources */,
				365A025C1D25954F00E80429 /* main.m in Sources */,
				365A025D1D25954F00E80429 /* ViewController.m in Sources */,
			);
			runOnlyForDeploymentPostprocessing = 0;
		};
/* End PBXSourcesBuildPhase section */

/* Begin PBXTargetDependency section */
		365A02681D25970100E80429 /* PBXTargetDependency */ = {
			isa = PBXTargetDependency;
			target = 365A02631D2596CF00E80429 /* sample_filter_cpu.o */;
			targetProxy = 365A02671D25970100E80429 /* PBXContainerItemProxy */;
		};
		365A026E1D25A92000E80429 /* PBXTargetDependency */ = {
			isa = PBXTargetDependency;
			target = 365A02691D25A8FF00E80429 /* sample_filter_opengl.o */;
			targetProxy = 365A026D1D25A92000E80429 /* PBXContainerItemProxy */;
		};
/* End PBXTargetDependency section */

/* Begin PBXVariantGroup section */
		365A02601D25962800E80429 /* Main.storyboard */ = {
			isa = PBXVariantGroup;
			children = (
				365A02611D25962800E80429 /* Base */,
			);
			name = Main.storyboard;
			sourceTree = "<group>";
		};
/* End PBXVariantGroup section */

/* Begin XCBuildConfiguration section */
		365A02651D2596CF00E80429 /* Debug */ = {
			isa = XCBuildConfiguration;
			buildSettings = {
				DEBUGGING_SYMBOLS = YES;
				DEBUG_INFORMATION_FORMAT = dwarf;
				GCC_GENERATE_DEBUGGING_SYMBOLS = YES;
				GCC_OPTIMIZATION_LEVEL = 0;
				OTHER_CFLAGS = "";
				OTHER_LDFLAGS = "";
				PRODUCT_NAME = "$(TARGET_NAME)";
			};
			name = Debug;
		};
		365A02661D2596CF00E80429 /* Release */ = {
			isa = XCBuildConfiguration;
			buildSettings = {
				DEBUG_INFORMATION_FORMAT = "dwarf-with-dsym";
				OTHER_CFLAGS = "";
				OTHER_LDFLAGS = "";
				PRODUCT_NAME = "$(TARGET_NAME)";
			};
			name = Release;
		};
		365A026B1D25A8FF00E80429 /* Debug */ = {
			isa = XCBuildConfiguration;
			buildSettings = {
				DEBUGGING_SYMBOLS = YES;
				DEBUG_INFORMATION_FORMAT = dwarf;
				GCC_GENERATE_DEBUGGING_SYMBOLS = YES;
				GCC_OPTIMIZATION_LEVEL = 0;
				OTHER_CFLAGS = "";
				OTHER_LDFLAGS = "";
				PRODUCT_NAME = "$(TARGET_NAME)";
			};
			name = Debug;
		};
		365A026C1D25A8FF00E80429 /* Release */ = {
			isa = XCBuildConfiguration;
			buildSettings = {
				DEBUG_INFORMATION_FORMAT = "dwarf-with-dsym";
				OTHER_CFLAGS = "";
				OTHER_LDFLAGS = "";
				PRODUCT_NAME = "$(TARGET_NAME)";
			};
			name = Release;
		};
		B8CE6E381CA9A9C7006D8D23 /* Debug */ = {
			isa = XCBuildConfiguration;
			buildSettings = {
				ALWAYS_SEARCH_USER_PATHS = NO;
				CLANG_ANALYZER_NONNULL = YES;
				CLANG_CXX_LANGUAGE_STANDARD = "gnu++0x";
				CLANG_CXX_LIBRARY = "libc++";
				CLANG_ENABLE_MODULES = YES;
				CLANG_ENABLE_OBJC_ARC = YES;
				CLANG_WARN_BOOL_CONVERSION = YES;
				CLANG_WARN_CONSTANT_CONVERSION = YES;
				CLANG_WARN_DIRECT_OBJC_ISA_USAGE = YES_ERROR;
				CLANG_WARN_EMPTY_BODY = YES;
				CLANG_WARN_ENUM_CONVERSION = YES;
				CLANG_WARN_INT_CONVERSION = YES;
				CLANG_WARN_OBJC_ROOT_CLASS = YES_ERROR;
				CLANG_WARN_UNREACHABLE_CODE = YES;
				CLANG_WARN__DUPLICATE_METHOD_MATCH = YES;
				"CODE_SIGN_IDENTITY[sdk=iphoneos*]" = "iPhone Developer";
				COPY_PHASE_STRIP = NO;
				DEBUG_INFORMATION_FORMAT = dwarf;
				ENABLE_STRICT_OBJC_MSGSEND = YES;
				ENABLE_TESTABILITY = YES;
				GCC_C_LANGUAGE_STANDARD = gnu99;
				GCC_DYNAMIC_NO_PIC = NO;
				GCC_NO_COMMON_BLOCKS = YES;
				GCC_OPTIMIZATION_LEVEL = 0;
				GCC_PREPROCESSOR_DEFINITIONS = (
					"DEBUG=1",
					"$(inherited)",
				);
				GCC_WARN_64_TO_32_BIT_CONVERSION = YES;
				GCC_WARN_ABOUT_RETURN_TYPE = YES_ERROR;
				GCC_WARN_UNDECLARED_SELECTOR = YES;
				GCC_WARN_UNINITIALIZED_AUTOS = YES_AGGRESSIVE;
				GCC_WARN_UNUSED_FUNCTION = YES;
				GCC_WARN_UNUSED_VARIABLE = YES;
				HEADER_SEARCH_PATHS = /Users/Ronen/github/Halide/include/;
				IPHONEOS_DEPLOYMENT_TARGET = 9.3;
				MTL_ENABLE_DEBUG_INFO = YES;
				ONLY_ACTIVE_ARCH = YES;
				OTHER_LDFLAGS = (
					"$(CONFIGURATION_BUILD_DIR)/build/sample_filter_cpu.o",
					"$(CONFIGURATION_BUILD_DIR)/build/sample_filter_opengl.o",
				);
				SDKROOT = iphoneos;
				TARGETED_DEVICE_FAMILY = "1,2";
			};
			name = Debug;
		};
		B8CE6E391CA9A9C7006D8D23 /* Release */ = {
			isa = XCBuildConfiguration;
			buildSettings = {
				ALWAYS_SEARCH_USER_PATHS = NO;
				CLANG_ANALYZER_NONNULL = YES;
				CLANG_CXX_LANGUAGE_STANDARD = "gnu++0x";
				CLANG_CXX_LIBRARY = "libc++";
				CLANG_ENABLE_MODULES = YES;
				CLANG_ENABLE_OBJC_ARC = YES;
				CLANG_WARN_BOOL_CONVERSION = YES;
				CLANG_WARN_CONSTANT_CONVERSION = YES;
				CLANG_WARN_DIRECT_OBJC_ISA_USAGE = YES_ERROR;
				CLANG_WARN_EMPTY_BODY = YES;
				CLANG_WARN_ENUM_CONVERSION = YES;
				CLANG_WARN_INT_CONVERSION = YES;
				CLANG_WARN_OBJC_ROOT_CLASS = YES_ERROR;
				CLANG_WARN_UNREACHABLE_CODE = YES;
				CLANG_WARN__DUPLICATE_METHOD_MATCH = YES;
				"CODE_SIGN_IDENTITY[sdk=iphoneos*]" = "iPhone Developer";
				COPY_PHASE_STRIP = NO;
				DEBUG_INFORMATION_FORMAT = "dwarf-with-dsym";
				ENABLE_NS_ASSERTIONS = NO;
				ENABLE_STRICT_OBJC_MSGSEND = YES;
				GCC_C_LANGUAGE_STANDARD = gnu99;
				GCC_NO_COMMON_BLOCKS = YES;
				GCC_WARN_64_TO_32_BIT_CONVERSION = YES;
				GCC_WARN_ABOUT_RETURN_TYPE = YES_ERROR;
				GCC_WARN_UNDECLARED_SELECTOR = YES;
				GCC_WARN_UNINITIALIZED_AUTOS = YES_AGGRESSIVE;
				GCC_WARN_UNUSED_FUNCTION = YES;
				GCC_WARN_UNUSED_VARIABLE = YES;
				HEADER_SEARCH_PATHS = /Users/Ronen/github/Halide/include/;
				IPHONEOS_DEPLOYMENT_TARGET = 9.3;
				MTL_ENABLE_DEBUG_INFO = NO;
				OTHER_LDFLAGS = "$(CONFIGURATION_BUILD_DIR)/build/sample_filter_cpu.o";
				SDKROOT = iphoneos;
				TARGETED_DEVICE_FAMILY = "1,2";
				VALIDATE_PRODUCT = YES;
			};
			name = Release;
		};
		B8CE6E3B1CA9A9C7006D8D23 /* Debug */ = {
			isa = XCBuildConfiguration;
			buildSettings = {
				ASSETCATALOG_COMPILER_APPICON_NAME = AppIcon;
				CLANG_CXX_LANGUAGE_STANDARD = "c++0x";
				CODE_SIGN_IDENTITY = "iPhone Developer";
				"CODE_SIGN_IDENTITY[sdk=iphoneos*]" = "iPhone Developer";
				ENABLE_BITCODE = NO;
				HEADER_SEARCH_PATHS = (
					/Users/Ronen/github/Halide/include/,
					"$(CONFIGURATION_BUILD_DIR)",
				);
				INFOPLIST_FILE = Info.plist;
				IPHONEOS_DEPLOYMENT_TARGET = 9.3;
				LD_RUNPATH_SEARCH_PATHS = "$(inherited) @executable_path/Frameworks";
				PRODUCT_BUNDLE_IDENTIFIER = "com.adobe.labs.opengl-demo";
				PRODUCT_NAME = "$(TARGET_NAME)";
				PROVISIONING_PROFILE = "";
			};
			name = Debug;
		};
		B8CE6E3C1CA9A9C7006D8D23 /* Release */ = {
			isa = XCBuildConfiguration;
			buildSettings = {
				ASSETCATALOG_COMPILER_APPICON_NAME = AppIcon;
				CLANG_CXX_LANGUAGE_STANDARD = "c++0x";
				CODE_SIGN_IDENTITY = "iPhone Developer";
				"CODE_SIGN_IDENTITY[sdk=iphoneos*]" = "iPhone Developer";
				ENABLE_BITCODE = NO;
				HEADER_SEARCH_PATHS = (
					/Users/Ronen/github/Halide/include/,
					"$(CONFIGURATION_BUILD_DIR)",
				);
				INFOPLIST_FILE = Info.plist;
				IPHONEOS_DEPLOYMENT_TARGET = 9.3;
				LD_RUNPATH_SEARCH_PATHS = "$(inherited) @executable_path/Frameworks";
				PRODUCT_BUNDLE_IDENTIFIER = "com.adobe.labs.opengl-demo";
				PRODUCT_NAME = "$(TARGET_NAME)";
				PROVISIONING_PROFILE = "";
			};
			name = Release;
		};
/* End XCBuildConfiguration section */

/* Begin XCConfigurationList section */
		365A02641D2596CF00E80429 /* Build configuration list for PBXLegacyTarget "sample_filter_cpu.o" */ = {
			isa = XCConfigurationList;
			buildConfigurations = (
				365A02651D2596CF00E80429 /* Debug */,
				365A02661D2596CF00E80429 /* Release */,
			);
			defaultConfigurationIsVisible = 0;
		};
		365A026A1D25A8FF00E80429 /* Build configuration list for PBXLegacyTarget "sample_filter_opengl.o" */ = {
			isa = XCConfigurationList;
			buildConfigurations = (
				365A026B1D25A8FF00E80429 /* Debug */,
				365A026C1D25A8FF00E80429 /* Release */,
			);
			defaultConfigurationIsVisible = 0;
			defaultConfigurationName = Release;
		};
		B8CE6E1E1CA9A9C6006D8D23 /* Build configuration list for PBXProject "opengl_demo" */ = {
			isa = XCConfigurationList;
			buildConfigurations = (
				B8CE6E381CA9A9C7006D8D23 /* Debug */,
				B8CE6E391CA9A9C7006D8D23 /* Release */,
			);
			defaultConfigurationIsVisible = 0;
			defaultConfigurationName = Release;
		};
		B8CE6E3A1CA9A9C7006D8D23 /* Build configuration list for PBXNativeTarget "opengl_demo" */ = {
			isa = XCConfigurationList;
			buildConfigurations = (
				B8CE6E3B1CA9A9C7006D8D23 /* Debug */,
				B8CE6E3C1CA9A9C7006D8D23 /* Release */,
			);
			defaultConfigurationIsVisible = 0;
			defaultConfigurationName = Release;
		};
/* End XCConfigurationList section */
	};
	rootObject = B8CE6E1B1CA9A9C6006D8D23 /* Project object */;
}
